// !$*UTF8*$!
{
	archiveVersion = 1;
	classes = {
	};
	objectVersion = 46;
	objects = {

/* Begin PBXBuildFile section */
		0765A7A4163B8CE10048CE83 /* DZMapViewController.m in Sources */ = {isa = PBXBuildFile; fileRef = 0765A7A3163B8CE10048CE83 /* DZMapViewController.m */; };
		0765A7AA163B8FB30048CE83 /* CoreLocation.framework in Frameworks */ = {isa = PBXBuildFile; fileRef = 0765A7A9163B8FB30048CE83 /* CoreLocation.framework */; };
		0785E481162F50F400BC98F6 /* DZObject.m in Sources */ = {isa = PBXBuildFile; fileRef = 0785E480162F50F400BC98F6 /* DZObject.m */; };
		079B13F4162FA31F00066AA0 /* DZTableViewViewController.m in Sources */ = {isa = PBXBuildFile; fileRef = 079B13F3162FA31F00066AA0 /* DZTableViewViewController.m */; };
		079B13F8162FADFC00066AA0 /* DZTableViewCell.m in Sources */ = {isa = PBXBuildFile; fileRef = 079B13F7162FADFC00066AA0 /* DZTableViewCell.m */; };
		07A1763A163D093B006D0AF6 /* MapKit.framework in Frameworks */ = {isa = PBXBuildFile; fileRef = 07A17639163D093B006D0AF6 /* MapKit.framework */; };
		10BBA2DD1666BAEF00DD5D04 /* LocateMeButtonTrackingPressed.png in Resources */ = {isa = PBXBuildFile; fileRef = 10BBA2DB1666BAEF00DD5D04 /* LocateMeButtonTrackingPressed.png */; };
		10BBA2DE1666BAEF00DD5D04 /* Location.png in Resources */ = {isa = PBXBuildFile; fileRef = 10BBA2DC1666BAEF00DD5D04 /* Location.png */; };
		49ED6A65EC14DD74F77E32F9 /* DZStoredObjects.m in Sources */ = {isa = PBXBuildFile; fileRef = 49ED6F41CD020ED8B68F1409 /* DZStoredObjects.m */; };
		49ED6B61BD1F8A360CC47BF4 /* DZTabBarController.m in Sources */ = {isa = PBXBuildFile; fileRef = 49ED68081F08F2C7F1E83950 /* DZTabBarController.m */; };
		49ED6F850CBC0A21B6325DC6 /* DZSharedClient.m in Sources */ = {isa = PBXBuildFile; fileRef = 49ED6A6AD4C93116B7937D98 /* DZSharedClient.m */; };
		B4201736165362F700AABB8E /* table-30.png in Resources */ = {isa = PBXBuildFile; fileRef = B4201735165362F700AABB8E /* table-30.png */; };
		B443EA9A1662A4B6001CAAAD /* DZPickerAlertView.m in Sources */ = {isa = PBXBuildFile; fileRef = B443EA991662A4B6001CAAAD /* DZPickerAlertView.m */; };
		B46444DD166AE3DC00ED956A /* Accident.png in Resources */ = {isa = PBXBuildFile; fileRef = B46444DC166AE3DC00ED956A /* Accident.png */; };
		B46444DF166AE3EB00ED956A /* Violence.png in Resources */ = {isa = PBXBuildFile; fileRef = B46444DE166AE3EB00ED956A /* Violence.png */; };
		B46444E1166AE40200ED956A /* Unclassified.png in Resources */ = {isa = PBXBuildFile; fileRef = B46444E0166AE40200ED956A /* Unclassified.png */; };
		B46444E9166BAF2500ED956A /* Wire-globe-35.png in Resources */ = {isa = PBXBuildFile; fileRef = B46444E8166BAF2500ED956A /* Wire-globe-35.png */; };
		B46444EB166BB46900ED956A /* Weather.png in Resources */ = {isa = PBXBuildFile; fileRef = B46444EA166BB46900ED956A /* Weather.png */; };
		B4CAACAF1666645D0094C99C /* Info-25.png in Resources */ = {isa = PBXBuildFile; fileRef = B4CAACAE1666645D0094C99C /* Info-25.png */; };
		DC0B5E640C4245DA98206337 /* libPods.a in Frameworks */ = {isa = PBXBuildFile; fileRef = 9A9B08F97064480596412F15 /* libPods.a */; };
		FDEC3DA8161C7241009C623E /* UIKit.framework in Frameworks */ = {isa = PBXBuildFile; fileRef = FDEC3DA7161C7241009C623E /* UIKit.framework */; };
		FDEC3DAA161C7241009C623E /* Foundation.framework in Frameworks */ = {isa = PBXBuildFile; fileRef = FDEC3DA9161C7241009C623E /* Foundation.framework */; };
		FDEC3DAC161C7241009C623E /* CoreGraphics.framework in Frameworks */ = {isa = PBXBuildFile; fileRef = FDEC3DAB161C7241009C623E /* CoreGraphics.framework */; };
		FDEC3DB2161C7242009C623E /* InfoPlist.strings in Resources */ = {isa = PBXBuildFile; fileRef = FDEC3DB0161C7242009C623E /* InfoPlist.strings */; };
		FDEC3DB4161C7242009C623E /* main.m in Sources */ = {isa = PBXBuildFile; fileRef = FDEC3DB3161C7242009C623E /* main.m */; };
		FDEC3DB8161C7242009C623E /* DZAppDelegate.m in Sources */ = {isa = PBXBuildFile; fileRef = FDEC3DB7161C7242009C623E /* DZAppDelegate.m */; };
		FDEC3DBA161C7242009C623E /* Default.png in Resources */ = {isa = PBXBuildFile; fileRef = FDEC3DB9161C7242009C623E /* Default.png */; };
		FDEC3DBC161C7242009C623E /* Default@2x.png in Resources */ = {isa = PBXBuildFile; fileRef = FDEC3DBB161C7242009C623E /* Default@2x.png */; };
		FDEC3DBE161C7243009C623E /* Default-568h@2x.png in Resources */ = {isa = PBXBuildFile; fileRef = FDEC3DBD161C7242009C623E /* Default-568h@2x.png */; };
		FDEC3DC1161C7243009C623E /* MainStoryboard.storyboard in Resources */ = {isa = PBXBuildFile; fileRef = FDEC3DBF161C7243009C623E /* MainStoryboard.storyboard */; };
		FDEC3DC4161C7243009C623E /* DZFirstViewController.m in Sources */ = {isa = PBXBuildFile; fileRef = FDEC3DC3161C7243009C623E /* DZFirstViewController.m */; };
		FDEC3DC6161C7243009C623E /* first.png in Resources */ = {isa = PBXBuildFile; fileRef = FDEC3DC5161C7243009C623E /* first.png */; };
		FDEC3DC8161C7243009C623E /* first@2x.png in Resources */ = {isa = PBXBuildFile; fileRef = FDEC3DC7161C7243009C623E /* first@2x.png */; };
		FDEC3DCD161C7243009C623E /* second.png in Resources */ = {isa = PBXBuildFile; fileRef = FDEC3DCC161C7243009C623E /* second.png */; };
		FDEC3DCF161C7243009C623E /* second@2x.png in Resources */ = {isa = PBXBuildFile; fileRef = FDEC3DCE161C7243009C623E /* second@2x.png */; };
/* End PBXBuildFile section */

/* Begin PBXFileReference section */
		074DFCB6163E82E800A22703 /* DangerZone.entitlements */ = {isa = PBXFileReference; lastKnownFileType = text.xml; path = DangerZone.entitlements; sourceTree = "<group>"; };
		0765A7A2163B8CE10048CE83 /* DZMapViewController.h */ = {isa = PBXFileReference; fileEncoding = 4; lastKnownFileType = sourcecode.c.h; path = DZMapViewController.h; sourceTree = "<group>"; };
		0765A7A3163B8CE10048CE83 /* DZMapViewController.m */ = {isa = PBXFileReference; fileEncoding = 4; lastKnownFileType = sourcecode.c.objc; path = DZMapViewController.m; sourceTree = "<group>"; };
		0765A7A9163B8FB30048CE83 /* CoreLocation.framework */ = {isa = PBXFileReference; lastKnownFileType = wrapper.framework; name = CoreLocation.framework; path = System/Library/Frameworks/CoreLocation.framework; sourceTree = SDKROOT; };
		0785E47F162F50F400BC98F6 /* DZObject.h */ = {isa = PBXFileReference; fileEncoding = 4; lastKnownFileType = sourcecode.c.h; path = DZObject.h; sourceTree = "<group>"; };
		0785E480162F50F400BC98F6 /* DZObject.m */ = {isa = PBXFileReference; fileEncoding = 4; lastKnownFileType = sourcecode.c.objc; path = DZObject.m; sourceTree = "<group>"; };
		079B13F2162FA31F00066AA0 /* DZTableViewViewController.h */ = {isa = PBXFileReference; fileEncoding = 4; lastKnownFileType = sourcecode.c.h; path = DZTableViewViewController.h; sourceTree = "<group>"; };
		079B13F3162FA31F00066AA0 /* DZTableViewViewController.m */ = {isa = PBXFileReference; fileEncoding = 4; lastKnownFileType = sourcecode.c.objc; path = DZTableViewViewController.m; sourceTree = "<group>"; };
		079B13F6162FADFC00066AA0 /* DZTableViewCell.h */ = {isa = PBXFileReference; fileEncoding = 4; lastKnownFileType = sourcecode.c.h; path = DZTableViewCell.h; sourceTree = "<group>"; };
		079B13F7162FADFC00066AA0 /* DZTableViewCell.m */ = {isa = PBXFileReference; fileEncoding = 4; lastKnownFileType = sourcecode.c.objc; path = DZTableViewCell.m; sourceTree = "<group>"; };
		07A17639163D093B006D0AF6 /* MapKit.framework */ = {isa = PBXFileReference; lastKnownFileType = wrapper.framework; name = MapKit.framework; path = System/Library/Frameworks/MapKit.framework; sourceTree = SDKROOT; };
		10BBA2DB1666BAEF00DD5D04 /* LocateMeButtonTrackingPressed.png */ = {isa = PBXFileReference; lastKnownFileType = image.png; path = LocateMeButtonTrackingPressed.png; sourceTree = "<group>"; };
		10BBA2DC1666BAEF00DD5D04 /* Location.png */ = {isa = PBXFileReference; lastKnownFileType = image.png; path = Location.png; sourceTree = "<group>"; };
		49ED63AF00E7693359F38122 /* DZSharedClient.h */ = {isa = PBXFileReference; fileEncoding = 4; lastKnownFileType = sourcecode.c.h; path = DZSharedClient.h; sourceTree = "<group>"; };
		49ED66438B547CB79F9E5438 /* DZStoredObjects.h */ = {isa = PBXFileReference; fileEncoding = 4; lastKnownFileType = sourcecode.c.h; path = DZStoredObjects.h; sourceTree = "<group>"; };
		49ED68081F08F2C7F1E83950 /* DZTabBarController.m */ = {isa = PBXFileReference; fileEncoding = 4; lastKnownFileType = sourcecode.c.objc; path = DZTabBarController.m; sourceTree = "<group>"; };
		49ED6A6AD4C93116B7937D98 /* DZSharedClient.m */ = {isa = PBXFileReference; fileEncoding = 4; lastKnownFileType = sourcecode.c.objc; path = DZSharedClient.m; sourceTree = "<group>"; };
		49ED6F41CD020ED8B68F1409 /* DZStoredObjects.m */ = {isa = PBXFileReference; fileEncoding = 4; lastKnownFileType = sourcecode.c.objc; path = DZStoredObjects.m; sourceTree = "<group>"; };
		49ED6FB46F90FE4A92894D7A /* DZTabBarController.h */ = {isa = PBXFileReference; fileEncoding = 4; lastKnownFileType = sourcecode.c.h; path = DZTabBarController.h; sourceTree = "<group>"; };
		61F761F1C8A04BAC8522E551 /* Pods.xcconfig */ = {isa = PBXFileReference; includeInIndex = 1; lastKnownFileType = text.xcconfig; name = Pods.xcconfig; path = Pods/Pods.xcconfig; sourceTree = SOURCE_ROOT; };
		9A9B08F97064480596412F15 /* libPods.a */ = {isa = PBXFileReference; explicitFileType = archive.ar; includeInIndex = 0; path = libPods.a; sourceTree = BUILT_PRODUCTS_DIR; };
		B4201735165362F700AABB8E /* table-30.png */ = {isa = PBXFileReference; lastKnownFileType = image.png; path = "table-30.png"; sourceTree = "<group>"; };
		B443EA981662A4B6001CAAAD /* DZPickerAlertView.h */ = {isa = PBXFileReference; fileEncoding = 4; lastKnownFileType = sourcecode.c.h; path = DZPickerAlertView.h; sourceTree = "<group>"; };
		B443EA991662A4B6001CAAAD /* DZPickerAlertView.m */ = {isa = PBXFileReference; fileEncoding = 4; lastKnownFileType = sourcecode.c.objc; path = DZPickerAlertView.m; sourceTree = "<group>"; };
		B46444DC166AE3DC00ED956A /* Accident.png */ = {isa = PBXFileReference; lastKnownFileType = image.png; path = Accident.png; sourceTree = "<group>"; };
		B46444DE166AE3EB00ED956A /* Violence.png */ = {isa = PBXFileReference; lastKnownFileType = image.png; path = Violence.png; sourceTree = "<group>"; };
		B46444E0166AE40200ED956A /* Unclassified.png */ = {isa = PBXFileReference; lastKnownFileType = image.png; path = Unclassified.png; sourceTree = "<group>"; };
		B46444E8166BAF2500ED956A /* Wire-globe-35.png */ = {isa = PBXFileReference; lastKnownFileType = image.png; path = "Wire-globe-35.png"; sourceTree = "<group>"; };
		B46444EA166BB46900ED956A /* Weather.png */ = {isa = PBXFileReference; lastKnownFileType = image.png; path = Weather.png; sourceTree = "<group>"; };
		B4CAACAE1666645D0094C99C /* Info-25.png */ = {isa = PBXFileReference; lastKnownFileType = image.png; path = "Info-25.png"; sourceTree = "<group>"; };
		FDEC3DA3161C7241009C623E /* DangerZone.app */ = {isa = PBXFileReference; explicitFileType = wrapper.application; includeInIndex = 0; path = DangerZone.app; sourceTree = BUILT_PRODUCTS_DIR; };
		FDEC3DA7161C7241009C623E /* UIKit.framework */ = {isa = PBXFileReference; includeInIndex = 1; lastKnownFileType = wrapper.framework; name = UIKit.framework; path = System/Library/Frameworks/UIKit.framework; sourceTree = SDKROOT; };
		FDEC3DA9161C7241009C623E /* Foundation.framework */ = {isa = PBXFileReference; includeInIndex = 1; lastKnownFileType = wrapper.framework; name = Foundation.framework; path = System/Library/Frameworks/Foundation.framework; sourceTree = SDKROOT; };
		FDEC3DAB161C7241009C623E /* CoreGraphics.framework */ = {isa = PBXFileReference; includeInIndex = 1; lastKnownFileType = wrapper.framework; name = CoreGraphics.framework; path = System/Library/Frameworks/CoreGraphics.framework; sourceTree = SDKROOT; };
		FDEC3DAF161C7242009C623E /* DangerZone-Info.plist */ = {isa = PBXFileReference; lastKnownFileType = text.plist.xml; path = "DangerZone-Info.plist"; sourceTree = "<group>"; };
		FDEC3DB1161C7242009C623E /* en */ = {isa = PBXFileReference; lastKnownFileType = text.plist.strings; name = en; path = en.lproj/InfoPlist.strings; sourceTree = "<group>"; };
		FDEC3DB3161C7242009C623E /* main.m */ = {isa = PBXFileReference; lastKnownFileType = sourcecode.c.objc; path = main.m; sourceTree = "<group>"; };
		FDEC3DB5161C7242009C623E /* DangerZone-Prefix.pch */ = {isa = PBXFileReference; lastKnownFileType = sourcecode.c.h; path = "DangerZone-Prefix.pch"; sourceTree = "<group>"; };
		FDEC3DB6161C7242009C623E /* DZAppDelegate.h */ = {isa = PBXFileReference; lastKnownFileType = sourcecode.c.h; path = DZAppDelegate.h; sourceTree = "<group>"; };
		FDEC3DB7161C7242009C623E /* DZAppDelegate.m */ = {isa = PBXFileReference; lastKnownFileType = sourcecode.c.objc; path = DZAppDelegate.m; sourceTree = "<group>"; };
		FDEC3DB9161C7242009C623E /* Default.png */ = {isa = PBXFileReference; lastKnownFileType = image.png; path = Default.png; sourceTree = "<group>"; };
		FDEC3DBB161C7242009C623E /* Default@2x.png */ = {isa = PBXFileReference; lastKnownFileType = image.png; path = "Default@2x.png"; sourceTree = "<group>"; };
		FDEC3DBD161C7242009C623E /* Default-568h@2x.png */ = {isa = PBXFileReference; lastKnownFileType = image.png; path = "Default-568h@2x.png"; sourceTree = "<group>"; };
		FDEC3DC0161C7243009C623E /* en */ = {isa = PBXFileReference; lastKnownFileType = file.storyboard; name = en; path = en.lproj/MainStoryboard.storyboard; sourceTree = "<group>"; };
		FDEC3DC2161C7243009C623E /* DZFirstViewController.h */ = {isa = PBXFileReference; lastKnownFileType = sourcecode.c.h; path = DZFirstViewController.h; sourceTree = "<group>"; };
		FDEC3DC3161C7243009C623E /* DZFirstViewController.m */ = {isa = PBXFileReference; lastKnownFileType = sourcecode.c.objc; path = DZFirstViewController.m; sourceTree = "<group>"; };
		FDEC3DC5161C7243009C623E /* first.png */ = {isa = PBXFileReference; lastKnownFileType = image.png; path = first.png; sourceTree = "<group>"; };
		FDEC3DC7161C7243009C623E /* first@2x.png */ = {isa = PBXFileReference; lastKnownFileType = image.png; path = "first@2x.png"; sourceTree = "<group>"; };
		FDEC3DCC161C7243009C623E /* second.png */ = {isa = PBXFileReference; lastKnownFileType = image.png; path = second.png; sourceTree = "<group>"; };
		FDEC3DCE161C7243009C623E /* second@2x.png */ = {isa = PBXFileReference; lastKnownFileType = image.png; path = "second@2x.png"; sourceTree = "<group>"; };
/* End PBXFileReference section */

/* Begin PBXFrameworksBuildPhase section */
		FDEC3DA0161C7241009C623E /* Frameworks */ = {
			isa = PBXFrameworksBuildPhase;
			buildActionMask = 2147483647;
			files = (
				07A1763A163D093B006D0AF6 /* MapKit.framework in Frameworks */,
				0765A7AA163B8FB30048CE83 /* CoreLocation.framework in Frameworks */,
				FDEC3DA8161C7241009C623E /* UIKit.framework in Frameworks */,
				FDEC3DAA161C7241009C623E /* Foundation.framework in Frameworks */,
				FDEC3DAC161C7241009C623E /* CoreGraphics.framework in Frameworks */,
				DC0B5E640C4245DA98206337 /* libPods.a in Frameworks */,
			);
			runOnlyForDeploymentPostprocessing = 0;
		};
/* End PBXFrameworksBuildPhase section */

/* Begin PBXGroup section */
		0765A7AB163B91D20048CE83 /* Map View */ = {
			isa = PBXGroup;
			children = (
				0765A7A2163B8CE10048CE83 /* DZMapViewController.h */,
				0765A7A3163B8CE10048CE83 /* DZMapViewController.m */,
				FDEC3DC2161C7243009C623E /* DZFirstViewController.h */,
				FDEC3DC3161C7243009C623E /* DZFirstViewController.m */,
				B443EA981662A4B6001CAAAD /* DZPickerAlertView.h */,
				B443EA991662A4B6001CAAAD /* DZPickerAlertView.m */,
			);
			name = "Map View";
			sourceTree = "<group>";
		};
		0765A7AC163B91DE0048CE83 /* Table View */ = {
			isa = PBXGroup;
			children = (
				079B13F6162FADFC00066AA0 /* DZTableViewCell.h */,
				079B13F7162FADFC00066AA0 /* DZTableViewCell.m */,
				079B13F2162FA31F00066AA0 /* DZTableViewViewController.h */,
				079B13F3162FA31F00066AA0 /* DZTableViewViewController.m */,
			);
			name = "Table View";
			sourceTree = "<group>";
		};
		0785E47E162F50A800BC98F6 /* Model */ = {
			isa = PBXGroup;
			children = (
				0785E47F162F50F400BC98F6 /* DZObject.h */,
				0785E480162F50F400BC98F6 /* DZObject.m */,
				49ED66438B547CB79F9E5438 /* DZStoredObjects.h */,
				49ED6F41CD020ED8B68F1409 /* DZStoredObjects.m */,
			);
			name = Model;
			sourceTree = "<group>";
		};
		49ED6E012E303A975914C96F /* Networking */ = {
			isa = PBXGroup;
			children = (
				49ED63AF00E7693359F38122 /* DZSharedClient.h */,
				49ED6A6AD4C93116B7937D98 /* DZSharedClient.m */,
			);
			name = Networking;
			sourceTree = "<group>";
		};
		B46444DB166AE3AE00ED956A /* Table Cell Images */ = {
			isa = PBXGroup;
			children = (
				B46444EA166BB46900ED956A /* Weather.png */,
				B46444E0166AE40200ED956A /* Unclassified.png */,
				B46444DE166AE3EB00ED956A /* Violence.png */,
				B46444DC166AE3DC00ED956A /* Accident.png */,
			);
			name = "Table Cell Images";
			sourceTree = "<group>";
		};
		FDEC3D98161C7241009C623E = {
			isa = PBXGroup;
			children = (
				FDEC3DAD161C7241009C623E /* DangerZone */,
				FDEC3DA6161C7241009C623E /* Frameworks */,
				FDEC3DA4161C7241009C623E /* Products */,
				61F761F1C8A04BAC8522E551 /* Pods.xcconfig */,
			);
			sourceTree = "<group>";
		};
		FDEC3DA4161C7241009C623E /* Products */ = {
			isa = PBXGroup;
			children = (
				FDEC3DA3161C7241009C623E /* DangerZone.app */,
			);
			name = Products;
			sourceTree = "<group>";
		};
		FDEC3DA6161C7241009C623E /* Frameworks */ = {
			isa = PBXGroup;
			children = (
				07A17639163D093B006D0AF6 /* MapKit.framework */,
				0765A7A9163B8FB30048CE83 /* CoreLocation.framework */,
				FDEC3DA7161C7241009C623E /* UIKit.framework */,
				FDEC3DA9161C7241009C623E /* Foundation.framework */,
				FDEC3DAB161C7241009C623E /* CoreGraphics.framework */,
				9A9B08F97064480596412F15 /* libPods.a */,
			);
			name = Frameworks;
			sourceTree = "<group>";
		};
		FDEC3DAD161C7241009C623E /* DangerZone */ = {
			isa = PBXGroup;
			children = (
				074DFCB6163E82E800A22703 /* DangerZone.entitlements */,
				FDEC3DE2161C7524009C623E /* App Delegate */,
				49ED6E012E303A975914C96F /* Networking */,
				FDEC3DDE161C74B9009C623E /* Controllers */,
				0785E47E162F50A800BC98F6 /* Model */,
				FDEC3DE1161C7511009C623E /* View */,
				FDEC3DE0161C74EA009C623E /* Graphic Assets */,
				FDEC3DAE161C7242009C623E /* Supporting Files */,
			);
			path = DangerZone;
			sourceTree = "<group>";
		};
		FDEC3DAE161C7242009C623E /* Supporting Files */ = {
			isa = PBXGroup;
			children = (
				FDEC3DAF161C7242009C623E /* DangerZone-Info.plist */,
				FDEC3DB0161C7242009C623E /* InfoPlist.strings */,
				FDEC3DB3161C7242009C623E /* main.m */,
				FDEC3DB5161C7242009C623E /* DangerZone-Prefix.pch */,
				FDEC3DB9161C7242009C623E /* Default.png */,
				FDEC3DBB161C7242009C623E /* Default@2x.png */,
				FDEC3DBD161C7242009C623E /* Default-568h@2x.png */,
			);
			name = "Supporting Files";
			sourceTree = "<group>";
		};
		FDEC3DDE161C74B9009C623E /* Controllers */ = {
			isa = PBXGroup;
			children = (
				0765A7AC163B91DE0048CE83 /* Table View */,
				0765A7AB163B91D20048CE83 /* Map View */,
				49ED6FB46F90FE4A92894D7A /* DZTabBarController.h */,
				49ED68081F08F2C7F1E83950 /* DZTabBarController.m */,
			);
			name = Controllers;
			sourceTree = "<group>";
		};
		FDEC3DE0161C74EA009C623E /* Graphic Assets */ = {
			isa = PBXGroup;
			children = (
				B46444DB166AE3AE00ED956A /* Table Cell Images */,
				10BBA2DB1666BAEF00DD5D04 /* LocateMeButtonTrackingPressed.png */,
				10BBA2DC1666BAEF00DD5D04 /* Location.png */,
				FDEC3DE3161C756B009C623E /* Tab Images */,
			);
			name = "Graphic Assets";
			sourceTree = "<group>";
		};
		FDEC3DE1161C7511009C623E /* View */ = {
			isa = PBXGroup;
			children = (
				FDEC3DBF161C7243009C623E /* MainStoryboard.storyboard */,
			);
			name = View;
			sourceTree = "<group>";
		};
		FDEC3DE2161C7524009C623E /* App Delegate */ = {
			isa = PBXGroup;
			children = (
				FDEC3DB6161C7242009C623E /* DZAppDelegate.h */,
				FDEC3DB7161C7242009C623E /* DZAppDelegate.m */,
			);
			name = "App Delegate";
			sourceTree = "<group>";
		};
		FDEC3DE3161C756B009C623E /* Tab Images */ = {
			isa = PBXGroup;
			children = (
				B46444E8166BAF2500ED956A /* Wire-globe-35.png */,
				B4CAACAE1666645D0094C99C /* Info-25.png */,
				B4201735165362F700AABB8E /* table-30.png */,
				FDEC3DC5161C7243009C623E /* first.png */,
				FDEC3DC7161C7243009C623E /* first@2x.png */,
				FDEC3DCC161C7243009C623E /* second.png */,
				FDEC3DCE161C7243009C623E /* second@2x.png */,
			);
			name = "Tab Images";
			sourceTree = "<group>";
		};
/* End PBXGroup section */

/* Begin PBXNativeTarget section */
		FDEC3DA2161C7241009C623E /* DangerZone */ = {
			isa = PBXNativeTarget;
			buildConfigurationList = FDEC3DD2161C7243009C623E /* Build configuration list for PBXNativeTarget "DangerZone" */;
			buildPhases = (
				FDEC3D9F161C7241009C623E /* Sources */,
				FDEC3DA0161C7241009C623E /* Frameworks */,
				FDEC3DA1161C7241009C623E /* Resources */,
				A8ACC20501B2460FAC570F7A /* Copy Pods Resources */,
			);
			buildRules = (
			);
			dependencies = (
			);
			name = DangerZone;
			productName = DangerZone;
			productReference = FDEC3DA3161C7241009C623E /* DangerZone.app */;
			productType = "com.apple.product-type.application";
		};
/* End PBXNativeTarget section */

/* Begin PBXProject section */
		FDEC3D9A161C7241009C623E /* Project object */ = {
			isa = PBXProject;
			attributes = {
				CLASSPREFIX = DZ;
				LastUpgradeCheck = 0450;
				ORGANIZATIONNAME = iCompute;
			};
			buildConfigurationList = FDEC3D9D161C7241009C623E /* Build configuration list for PBXProject "DangerZone" */;
			compatibilityVersion = "Xcode 3.2";
			developmentRegion = English;
			hasScannedForEncodings = 0;
			knownRegions = (
				en,
			);
			mainGroup = FDEC3D98161C7241009C623E;
			productRefGroup = FDEC3DA4161C7241009C623E /* Products */;
			projectDirPath = "";
			projectRoot = "";
			targets = (
				FDEC3DA2161C7241009C623E /* DangerZone */,
			);
		};
/* End PBXProject section */

/* Begin PBXResourcesBuildPhase section */
		FDEC3DA1161C7241009C623E /* Resources */ = {
			isa = PBXResourcesBuildPhase;
			buildActionMask = 2147483647;
			files = (
				FDEC3DB2161C7242009C623E /* InfoPlist.strings in Resources */,
				FDEC3DBA161C7242009C623E /* Default.png in Resources */,
				FDEC3DBC161C7242009C623E /* Default@2x.png in Resources */,
				FDEC3DBE161C7243009C623E /* Default-568h@2x.png in Resources */,
				FDEC3DC1161C7243009C623E /* MainStoryboard.storyboard in Resources */,
				FDEC3DC6161C7243009C623E /* first.png in Resources */,
				FDEC3DC8161C7243009C623E /* first@2x.png in Resources */,
				FDEC3DCD161C7243009C623E /* second.png in Resources */,
				FDEC3DCF161C7243009C623E /* second@2x.png in Resources */,
				B4201736165362F700AABB8E /* table-30.png in Resources */,
				B4CAACAF1666645D0094C99C /* Info-25.png in Resources */,
				10BBA2DD1666BAEF00DD5D04 /* LocateMeButtonTrackingPressed.png in Resources */,
				10BBA2DE1666BAEF00DD5D04 /* Location.png in Resources */,
				B46444DD166AE3DC00ED956A /* Accident.png in Resources */,
				B46444DF166AE3EB00ED956A /* Violence.png in Resources */,
				B46444E1166AE40200ED956A /* Unclassified.png in Resources */,
				B46444E9166BAF2500ED956A /* Wire-globe-35.png in Resources */,
				B46444EB166BB46900ED956A /* Weather.png in Resources */,
			);
			runOnlyForDeploymentPostprocessing = 0;
		};
/* End PBXResourcesBuildPhase section */

/* Begin PBXShellScriptBuildPhase section */
		A8ACC20501B2460FAC570F7A /* Copy Pods Resources */ = {
			isa = PBXShellScriptBuildPhase;
			buildActionMask = 2147483647;
			files = (
			);
			inputPaths = (
			);
			name = "Copy Pods Resources";
			outputPaths = (
			);
			runOnlyForDeploymentPostprocessing = 0;
			shellPath = /bin/sh;
			shellScript = "\"${SRCROOT}/Pods/Pods-resources.sh\"\n";
		};
/* End PBXShellScriptBuildPhase section */

/* Begin PBXSourcesBuildPhase section */
		FDEC3D9F161C7241009C623E /* Sources */ = {
			isa = PBXSourcesBuildPhase;
			buildActionMask = 2147483647;
			files = (
				FDEC3DB4161C7242009C623E /* main.m in Sources */,
				FDEC3DB8161C7242009C623E /* DZAppDelegate.m in Sources */,
				FDEC3DC4161C7243009C623E /* DZFirstViewController.m in Sources */,
				0785E481162F50F400BC98F6 /* DZObject.m in Sources */,
				49ED6F850CBC0A21B6325DC6 /* DZSharedClient.m in Sources */,
				079B13F4162FA31F00066AA0 /* DZTableViewViewController.m in Sources */,
				079B13F8162FADFC00066AA0 /* DZTableViewCell.m in Sources */,
				0765A7A4163B8CE10048CE83 /* DZMapViewController.m in Sources */,
				49ED6A65EC14DD74F77E32F9 /* DZStoredObjects.m in Sources */,
				49ED6B61BD1F8A360CC47BF4 /* DZTabBarController.m in Sources */,
				B443EA9A1662A4B6001CAAAD /* DZPickerAlertView.m in Sources */,
			);
			runOnlyForDeploymentPostprocessing = 0;
		};
/* End PBXSourcesBuildPhase section */

/* Begin PBXVariantGroup section */
		FDEC3DB0161C7242009C623E /* InfoPlist.strings */ = {
			isa = PBXVariantGroup;
			children = (
				FDEC3DB1161C7242009C623E /* en */,
			);
			name = InfoPlist.strings;
			sourceTree = "<group>";
		};
		FDEC3DBF161C7243009C623E /* MainStoryboard.storyboard */ = {
			isa = PBXVariantGroup;
			children = (
				FDEC3DC0161C7243009C623E /* en */,
			);
			name = MainStoryboard.storyboard;
			sourceTree = "<group>";
		};
/* End PBXVariantGroup section */

/* Begin XCBuildConfiguration section */
		FDEC3DD0161C7243009C623E /* Debug */ = {
			isa = XCBuildConfiguration;
			buildSettings = {
				ALWAYS_SEARCH_USER_PATHS = NO;
				CLANG_CXX_LANGUAGE_STANDARD = "gnu++0x";
				CLANG_CXX_LIBRARY = "libc++";
				CLANG_ENABLE_OBJC_ARC = YES;
				CLANG_WARN_EMPTY_BODY = YES;
				CLANG_WARN__DUPLICATE_METHOD_MATCH = YES;
				"CODE_SIGN_IDENTITY[sdk=iphoneos*]" = "iPhone Developer";
				COPY_PHASE_STRIP = NO;
				GCC_C_LANGUAGE_STANDARD = gnu99;
				GCC_DYNAMIC_NO_PIC = NO;
				GCC_OPTIMIZATION_LEVEL = 0;
				GCC_PREPROCESSOR_DEFINITIONS = (
					"DEBUG=1",
					"$(inherited)",
				);
				GCC_SYMBOLS_PRIVATE_EXTERN = NO;
				GCC_WARN_ABOUT_RETURN_TYPE = YES;
				GCC_WARN_UNINITIALIZED_AUTOS = YES;
				GCC_WARN_UNUSED_VARIABLE = YES;
				IPHONEOS_DEPLOYMENT_TARGET = 5.1;
				SDKROOT = iphoneos;
			};
			name = Debug;
		};
		FDEC3DD1161C7243009C623E /* Release */ = {
			isa = XCBuildConfiguration;
			buildSettings = {
				ALWAYS_SEARCH_USER_PATHS = NO;
				CLANG_CXX_LANGUAGE_STANDARD = "gnu++0x";
				CLANG_CXX_LIBRARY = "libc++";
				CLANG_ENABLE_OBJC_ARC = YES;
				CLANG_WARN_EMPTY_BODY = YES;
				CLANG_WARN__DUPLICATE_METHOD_MATCH = YES;
				"CODE_SIGN_IDENTITY[sdk=iphoneos*]" = "iPhone Developer";
				COPY_PHASE_STRIP = YES;
				GCC_C_LANGUAGE_STANDARD = gnu99;
				GCC_WARN_ABOUT_RETURN_TYPE = YES;
				GCC_WARN_UNINITIALIZED_AUTOS = YES;
				GCC_WARN_UNUSED_VARIABLE = YES;
				IPHONEOS_DEPLOYMENT_TARGET = 5.1;
				OTHER_CFLAGS = "-DNS_BLOCK_ASSERTIONS=1";
				SDKROOT = iphoneos;
				VALIDATE_PRODUCT = YES;
			};
			name = Release;
		};
		FDEC3DD3161C7243009C623E /* Debug */ = {
			isa = XCBuildConfiguration;
			baseConfigurationReference = 61F761F1C8A04BAC8522E551 /* Pods.xcconfig */;
			buildSettings = {
				CODE_SIGN_ENTITLEMENTS = DangerZone/DangerZone.entitlements;
				GCC_PRECOMPILE_PREFIX_HEADER = YES;
				GCC_PREFIX_HEADER = "DangerZone/DangerZone-Prefix.pch";
				INFOPLIST_FILE = "DangerZone/DangerZone-Info.plist";
				IPHONEOS_DEPLOYMENT_TARGET = 6.0;
				OTHER_LDFLAGS = "${inherited}";
				PRODUCT_NAME = "$(TARGET_NAME)";
				RUN_CLANG_STATIC_ANALYZER = YES;
				TARGETED_DEVICE_FAMILY = 1;
				WRAPPER_EXTENSION = app;
			};
			name = Debug;
		};
		FDEC3DD4161C7243009C623E /* Release */ = {
			isa = XCBuildConfiguration;
			baseConfigurationReference = 61F761F1C8A04BAC8522E551 /* Pods.xcconfig */;
			buildSettings = {
				CODE_SIGN_ENTITLEMENTS = DangerZone/DangerZone.entitlements;
				GCC_PRECOMPILE_PREFIX_HEADER = YES;
				GCC_PREFIX_HEADER = "DangerZone/DangerZone-Prefix.pch";
				INFOPLIST_FILE = "DangerZone/DangerZone-Info.plist";
				IPHONEOS_DEPLOYMENT_TARGET = 6.0;
				OTHER_LDFLAGS = "${inherited}";
				PRODUCT_NAME = "$(TARGET_NAME)";
				RUN_CLANG_STATIC_ANALYZER = YES;
				TARGETED_DEVICE_FAMILY = 1;
				WRAPPER_EXTENSION = app;
			};
			name = Release;
		};
/* End XCBuildConfiguration section */

/* Begin XCConfigurationList section */
		FDEC3D9D161C7241009C623E /* Build configuration list for PBXProject "DangerZone" */ = {
			isa = XCConfigurationList;
			buildConfigurations = (
				FDEC3DD0161C7243009C623E /* Debug */,
				FDEC3DD1161C7243009C623E /* Release */,
			);
			defaultConfigurationIsVisible = 0;
			defaultConfigurationName = Release;
		};
		FDEC3DD2161C7243009C623E /* Build configuration list for PBXNativeTarget "DangerZone" */ = {
			isa = XCConfigurationList;
			buildConfigurations = (
				FDEC3DD3161C7243009C623E /* Debug */,
				FDEC3DD4161C7243009C623E /* Release */,
			);
			defaultConfigurationIsVisible = 0;
			defaultConfigurationName = Release;
		};
/* End XCConfigurationList section */
	};
	rootObject = FDEC3D9A161C7241009C623E /* Project object */;
}
